
Microsoft Visual Studio Solution File, Format Version 12.00
# Visual Studio Version 16
VisualStudioVersion = 16.0.32228.343
MinimumVisualStudioVersion = 10.0.40219.1
Project("{FAE04EC0-301F-11D3-BF4B-00C04F79EFBC}") = "JavaScript_Languge", "JavaScript_Languge\JavaScript_Languge.csproj", "{0485FEB5-1C4D-4C08-9774-7F8ECC37916D}"
EndProject
Global
	GlobalSection(SolutionConfigurationPlatforms) = preSolution
		Debug|Any CPU = Debug|Any CPU
		Release|Any CPU = Release|Any CPU
	EndGlobalSection
	GlobalSection(ProjectConfigurationPlatforms) = postSolution
		{0485FEB5-1C4D-4C08-9774-7F8ECC37916D}.Debug|Any CPU.ActiveCfg = Debug|Any CPU
		{0485FEB5-1C4D-4C08-9774-7F8ECC37916D}.Debug|Any CPU.Build.0 = Debug|Any CPU
		{0485FEB5-1C4D-4C08-9774-7F8ECC37916D}.Release|Any CPU.ActiveCfg = Release|Any CPU
		{0485FEB5-1C4D-4C08-9774-7F8ECC37916D}.Release|Any CPU.Build.0 = Release|Any CPU
	EndGlobalSection
	GlobalSection(SolutionProperties) = preSolution
		HideSolutionNode = FALSE
	EndGlobalSection
	GlobalSection(ExtensibilityGlobals) = postSolution
		SolutionGuid = {F0212E7C-9732-4E00-828C-B5C68FCCD460}
	EndGlobalSection
EndGlobal
